
Microsoft Visual Studio Solution File, Format Version 12.00
# Visual Studio Version 17
VisualStudioVersion = 17.5.002.0
MinimumVisualStudioVersion = 10.0.40219.1
Project("{FAE04EC0-301F-11D3-BF4B-00C04F79EFBC}") = "DumpShell", "DumpShell\DumpShell.csproj", "{CA98FCDB-0332-4B94-B961-C70E7C414FEB}"
EndProject
Project("{FAE04EC0-301F-11D3-BF4B-00C04F79EFBC}") = "FileWatching", "FileWatching\FileWatching.csproj", "{6F3BA954-201A-4D5E-B58A-3220F8489156}"
EndProject
Project("{FAE04EC0-301F-11D3-BF4B-00C04F79EFBC}") = "Utils", "Utils\Utils.csproj", "{5EA53362-017B-4B1B-8835-1369A11AE9B1}"
EndProject
Project("{FAE04EC0-301F-11D3-BF4B-00C04F79EFBC}") = "Serde", "Serde\Serde.csproj", "{DDB05D2B-AB6C-4FAA-91DB-107FD523620A}"
EndProject
Project("{FAE04EC0-301F-11D3-BF4B-00C04F79EFBC}") = "TryADO", "TryADO\TryADO.csproj", "{E4AE62A4-0849-4A88-A6D6-FD957DC0411E}"
EndProject
Project("{FAE04EC0-301F-11D3-BF4B-00C04F79EFBC}") = "TryEF", "TryEF\TryEF.csproj", "{9947B62E-71CF-4E1A-8659-242FBE983DA8}"
EndProject
Project("{FAE04EC0-301F-11D3-BF4B-00C04F79EFBC}") = "Play", "Play\Play.csproj", "{17D62ADB-B906-4235-A885-C4265FBF27A8}"
EndProject
Global
	GlobalSection(SolutionConfigurationPlatforms) = preSolution
		Debug|Any CPU = Debug|Any CPU
		Release|Any CPU = Release|Any CPU
	EndGlobalSection
	GlobalSection(ProjectConfigurationPlatforms) = postSolution
		{CA98FCDB-0332-4B94-B961-C70E7C414FEB}.Debug|Any CPU.ActiveCfg = Debug|Any CPU
		{CA98FCDB-0332-4B94-B961-C70E7C414FEB}.Debug|Any CPU.Build.0 = Debug|Any CPU
		{CA98FCDB-0332-4B94-B961-C70E7C414FEB}.Release|Any CPU.ActiveCfg = Release|Any CPU
		{CA98FCDB-0332-4B94-B961-C70E7C414FEB}.Release|Any CPU.Build.0 = Release|Any CPU
		{6F3BA954-201A-4D5E-B58A-3220F8489156}.Debug|Any CPU.ActiveCfg = Debug|Any CPU
		{6F3BA954-201A-4D5E-B58A-3220F8489156}.Debug|Any CPU.Build.0 = Debug|Any CPU
		{6F3BA954-201A-4D5E-B58A-3220F8489156}.Release|Any CPU.ActiveCfg = Release|Any CPU
		{6F3BA954-201A-4D5E-B58A-3220F8489156}.Release|Any CPU.Build.0 = Release|Any CPU
		{5EA53362-017B-4B1B-8835-1369A11AE9B1}.Debug|Any CPU.ActiveCfg = Debug|Any CPU
		{5EA53362-017B-4B1B-8835-1369A11AE9B1}.Debug|Any CPU.Build.0 = Debug|Any CPU
		{5EA53362-017B-4B1B-8835-1369A11AE9B1}.Release|Any CPU.ActiveCfg = Release|Any CPU
		{5EA53362-017B-4B1B-8835-1369A11AE9B1}.Release|Any CPU.Build.0 = Release|Any CPU
		{DDB05D2B-AB6C-4FAA-91DB-107FD523620A}.Debug|Any CPU.ActiveCfg = Debug|Any CPU
		{DDB05D2B-AB6C-4FAA-91DB-107FD523620A}.Debug|Any CPU.Build.0 = Debug|Any CPU
		{DDB05D2B-AB6C-4FAA-91DB-107FD523620A}.Release|Any CPU.ActiveCfg = Release|Any CPU
		{DDB05D2B-AB6C-4FAA-91DB-107FD523620A}.Release|Any CPU.Build.0 = Release|Any CPU
		{E4AE62A4-0849-4A88-A6D6-FD957DC0411E}.Debug|Any CPU.ActiveCfg = Debug|Any CPU
		{E4AE62A4-0849-4A88-A6D6-FD957DC0411E}.Debug|Any CPU.Build.0 = Debug|Any CPU
		{E4AE62A4-0849-4A88-A6D6-FD957DC0411E}.Release|Any CPU.ActiveCfg = Release|Any CPU
		{E4AE62A4-0849-4A88-A6D6-FD957DC0411E}.Release|Any CPU.Build.0 = Release|Any CPU
		{9947B62E-71CF-4E1A-8659-242FBE983DA8}.Debug|Any CPU.ActiveCfg = Debug|Any CPU
		{9947B62E-71CF-4E1A-8659-242FBE983DA8}.Debug|Any CPU.Build.0 = Debug|Any CPU
		{9947B62E-71CF-4E1A-8659-242FBE983DA8}.Release|Any CPU.ActiveCfg = Release|Any CPU
		{9947B62E-71CF-4E1A-8659-242FBE983DA8}.Release|Any CPU.Build.0 = Release|Any CPU
		{17D62ADB-B906-4235-A885-C4265FBF27A8}.Debug|Any CPU.ActiveCfg = Debug|Any CPU
		{17D62ADB-B906-4235-A885-C4265FBF27A8}.Debug|Any CPU.Build.0 = Debug|Any CPU
		{17D62ADB-B906-4235-A885-C4265FBF27A8}.Release|Any CPU.ActiveCfg = Release|Any CPU
		{17D62ADB-B906-4235-A885-C4265FBF27A8}.Release|Any CPU.Build.0 = Release|Any CPU
	EndGlobalSection
	GlobalSection(SolutionProperties) = preSolution
		HideSolutionNode = FALSE
	EndGlobalSection
	GlobalSection(ExtensibilityGlobals) = postSolution
		SolutionGuid = {8DA9B7B9-EA73-4019-833A-59E80AEFED98}
	EndGlobalSection
EndGlobal
