
Microsoft Visual Studio Solution File, Format Version 12.00
# Visual Studio Version 17
VisualStudioVersion = 17.5.002.0
MinimumVisualStudioVersion = 10.0.40219.1
Project("{FAE04EC0-301F-11D3-BF4B-00C04F79EFBC}") = "Utils", "Utils\Utils.csproj", "{5EA53362-017B-4B1B-8835-1369A11AE9B1}"
EndProject
Project("{FAE04EC0-301F-11D3-BF4B-00C04F79EFBC}") = "Play", "Play\Play.csproj", "{17D62ADB-B906-4235-A885-C4265FBF27A8}"
EndProject
Project("{2150E333-8FDC-42A3-9474-1A3956D46DE8}") = "APIs", "APIs", "{B7E5B8A9-AA49-4196-AA73-E2B1358C1108}"
EndProject
Project("{FAE04EC0-301F-11D3-BF4B-00C04F79EFBC}") = "Minimal", "APIs\Minimal\Minimal.csproj", "{7F257BD7-684C-40F4-88D4-9CFB19033112}"
EndProject
Project("{FAE04EC0-301F-11D3-BF4B-00C04F79EFBC}") = "Ctrls", "APIs\Ctrls\Ctrls.csproj", "{390212E7-8135-41CA-A690-14FE8A4E78DB}"
EndProject
Project("{2150E333-8FDC-42A3-9474-1A3956D46DE8}") = "Libs.3rd", "Libs.3rd", "{AA97956D-6DD1-4D51-A4A1-C55959F4D6DF}"
EndProject
Project("{2150E333-8FDC-42A3-9474-1A3956D46DE8}") = "Read.Csharp.Pro", "Read.Csharp.Pro", "{569BD065-6007-4B7A-91E0-B580258433D9}"
EndProject
Project("{FAE04EC0-301F-11D3-BF4B-00C04F79EFBC}") = "DI", "Read.CSharp.Pro\DI\DI.csproj", "{7A128BB4-685C-4750-BF34-C21938CF194E}"
EndProject
Project("{FAE04EC0-301F-11D3-BF4B-00C04F79EFBC}") = "TryEF", "Read.CSharp.Pro\TryEF\TryEF.csproj", "{26D1DB2E-8648-4C40-BCA7-28A8F9E932E3}"
EndProject
Project("{FAE04EC0-301F-11D3-BF4B-00C04F79EFBC}") = "TryADO", "Read.CSharp.Pro\TryADO\TryADO.csproj", "{4C0051F2-3BE3-4969-956A-5C42CA207228}"
EndProject
Project("{FAE04EC0-301F-11D3-BF4B-00C04F79EFBC}") = "Serde", "Read.CSharp.Pro\Serde\Serde.csproj", "{6004C2B9-BED4-4825-978F-5310E07DE36D}"
EndProject
Project("{FAE04EC0-301F-11D3-BF4B-00C04F79EFBC}") = "DumpShell", "Read.CSharp.Pro\DumpShell\DumpShell.csproj", "{C6D0C656-1218-4FFB-8DF0-B530083B826C}"
EndProject
Project("{FAE04EC0-301F-11D3-BF4B-00C04F79EFBC}") = "FileWatching", "Read.CSharp.Pro\FileWatching\FileWatching.csproj", "{BEE93DF3-3C3C-47AC-B5CB-510494A0F30B}"
EndProject
Project("{FAE04EC0-301F-11D3-BF4B-00C04F79EFBC}") = "auto-fac", "Libs.3rd\auto-fac\auto-fac.csproj", "{F4E54648-A932-4D8B-A8B6-AF96E712B781}"
EndProject
Global
	GlobalSection(SolutionConfigurationPlatforms) = preSolution
		Debug|Any CPU = Debug|Any CPU
		Release|Any CPU = Release|Any CPU
	EndGlobalSection
	GlobalSection(ProjectConfigurationPlatforms) = postSolution
		{5EA53362-017B-4B1B-8835-1369A11AE9B1}.Debug|Any CPU.ActiveCfg = Debug|Any CPU
		{5EA53362-017B-4B1B-8835-1369A11AE9B1}.Debug|Any CPU.Build.0 = Debug|Any CPU
		{5EA53362-017B-4B1B-8835-1369A11AE9B1}.Release|Any CPU.ActiveCfg = Release|Any CPU
		{5EA53362-017B-4B1B-8835-1369A11AE9B1}.Release|Any CPU.Build.0 = Release|Any CPU
		{17D62ADB-B906-4235-A885-C4265FBF27A8}.Debug|Any CPU.ActiveCfg = Debug|Any CPU
		{17D62ADB-B906-4235-A885-C4265FBF27A8}.Debug|Any CPU.Build.0 = Debug|Any CPU
		{17D62ADB-B906-4235-A885-C4265FBF27A8}.Release|Any CPU.ActiveCfg = Release|Any CPU
		{17D62ADB-B906-4235-A885-C4265FBF27A8}.Release|Any CPU.Build.0 = Release|Any CPU
		{7F257BD7-684C-40F4-88D4-9CFB19033112}.Debug|Any CPU.ActiveCfg = Debug|Any CPU
		{7F257BD7-684C-40F4-88D4-9CFB19033112}.Debug|Any CPU.Build.0 = Debug|Any CPU
		{7F257BD7-684C-40F4-88D4-9CFB19033112}.Release|Any CPU.ActiveCfg = Release|Any CPU
		{7F257BD7-684C-40F4-88D4-9CFB19033112}.Release|Any CPU.Build.0 = Release|Any CPU
		{390212E7-8135-41CA-A690-14FE8A4E78DB}.Debug|Any CPU.ActiveCfg = Debug|Any CPU
		{390212E7-8135-41CA-A690-14FE8A4E78DB}.Debug|Any CPU.Build.0 = Debug|Any CPU
		{390212E7-8135-41CA-A690-14FE8A4E78DB}.Release|Any CPU.ActiveCfg = Release|Any CPU
		{390212E7-8135-41CA-A690-14FE8A4E78DB}.Release|Any CPU.Build.0 = Release|Any CPU
		{7A128BB4-685C-4750-BF34-C21938CF194E}.Debug|Any CPU.ActiveCfg = Debug|Any CPU
		{7A128BB4-685C-4750-BF34-C21938CF194E}.Debug|Any CPU.Build.0 = Debug|Any CPU
		{7A128BB4-685C-4750-BF34-C21938CF194E}.Release|Any CPU.ActiveCfg = Release|Any CPU
		{7A128BB4-685C-4750-BF34-C21938CF194E}.Release|Any CPU.Build.0 = Release|Any CPU
		{26D1DB2E-8648-4C40-BCA7-28A8F9E932E3}.Debug|Any CPU.ActiveCfg = Debug|Any CPU
		{26D1DB2E-8648-4C40-BCA7-28A8F9E932E3}.Debug|Any CPU.Build.0 = Debug|Any CPU
		{26D1DB2E-8648-4C40-BCA7-28A8F9E932E3}.Release|Any CPU.ActiveCfg = Release|Any CPU
		{26D1DB2E-8648-4C40-BCA7-28A8F9E932E3}.Release|Any CPU.Build.0 = Release|Any CPU
		{4C0051F2-3BE3-4969-956A-5C42CA207228}.Debug|Any CPU.ActiveCfg = Debug|Any CPU
		{4C0051F2-3BE3-4969-956A-5C42CA207228}.Debug|Any CPU.Build.0 = Debug|Any CPU
		{4C0051F2-3BE3-4969-956A-5C42CA207228}.Release|Any CPU.ActiveCfg = Release|Any CPU
		{4C0051F2-3BE3-4969-956A-5C42CA207228}.Release|Any CPU.Build.0 = Release|Any CPU
		{6004C2B9-BED4-4825-978F-5310E07DE36D}.Debug|Any CPU.ActiveCfg = Debug|Any CPU
		{6004C2B9-BED4-4825-978F-5310E07DE36D}.Debug|Any CPU.Build.0 = Debug|Any CPU
		{6004C2B9-BED4-4825-978F-5310E07DE36D}.Release|Any CPU.ActiveCfg = Release|Any CPU
		{6004C2B9-BED4-4825-978F-5310E07DE36D}.Release|Any CPU.Build.0 = Release|Any CPU
		{C6D0C656-1218-4FFB-8DF0-B530083B826C}.Debug|Any CPU.ActiveCfg = Debug|Any CPU
		{C6D0C656-1218-4FFB-8DF0-B530083B826C}.Debug|Any CPU.Build.0 = Debug|Any CPU
		{C6D0C656-1218-4FFB-8DF0-B530083B826C}.Release|Any CPU.ActiveCfg = Release|Any CPU
		{C6D0C656-1218-4FFB-8DF0-B530083B826C}.Release|Any CPU.Build.0 = Release|Any CPU
		{BEE93DF3-3C3C-47AC-B5CB-510494A0F30B}.Debug|Any CPU.ActiveCfg = Debug|Any CPU
		{BEE93DF3-3C3C-47AC-B5CB-510494A0F30B}.Debug|Any CPU.Build.0 = Debug|Any CPU
		{BEE93DF3-3C3C-47AC-B5CB-510494A0F30B}.Release|Any CPU.ActiveCfg = Release|Any CPU
		{BEE93DF3-3C3C-47AC-B5CB-510494A0F30B}.Release|Any CPU.Build.0 = Release|Any CPU
		{F4E54648-A932-4D8B-A8B6-AF96E712B781}.Debug|Any CPU.ActiveCfg = Debug|Any CPU
		{F4E54648-A932-4D8B-A8B6-AF96E712B781}.Debug|Any CPU.Build.0 = Debug|Any CPU
		{F4E54648-A932-4D8B-A8B6-AF96E712B781}.Release|Any CPU.ActiveCfg = Release|Any CPU
		{F4E54648-A932-4D8B-A8B6-AF96E712B781}.Release|Any CPU.Build.0 = Release|Any CPU
	EndGlobalSection
	GlobalSection(SolutionProperties) = preSolution
		HideSolutionNode = FALSE
	EndGlobalSection
	GlobalSection(ExtensibilityGlobals) = postSolution
		SolutionGuid = {8DA9B7B9-EA73-4019-833A-59E80AEFED98}
	EndGlobalSection
	GlobalSection(NestedProjects) = preSolution
		{7F257BD7-684C-40F4-88D4-9CFB19033112} = {B7E5B8A9-AA49-4196-AA73-E2B1358C1108}
		{390212E7-8135-41CA-A690-14FE8A4E78DB} = {B7E5B8A9-AA49-4196-AA73-E2B1358C1108}
		{7A128BB4-685C-4750-BF34-C21938CF194E} = {569BD065-6007-4B7A-91E0-B580258433D9}
		{26D1DB2E-8648-4C40-BCA7-28A8F9E932E3} = {569BD065-6007-4B7A-91E0-B580258433D9}
		{4C0051F2-3BE3-4969-956A-5C42CA207228} = {569BD065-6007-4B7A-91E0-B580258433D9}
		{6004C2B9-BED4-4825-978F-5310E07DE36D} = {569BD065-6007-4B7A-91E0-B580258433D9}
		{C6D0C656-1218-4FFB-8DF0-B530083B826C} = {569BD065-6007-4B7A-91E0-B580258433D9}
		{BEE93DF3-3C3C-47AC-B5CB-510494A0F30B} = {569BD065-6007-4B7A-91E0-B580258433D9}
		{F4E54648-A932-4D8B-A8B6-AF96E712B781} = {AA97956D-6DD1-4D51-A4A1-C55959F4D6DF}
	EndGlobalSection
EndGlobal
