Microsoft Visual Studio Solution File, Format Version 12.00
# Visual Studio Version 17
VisualStudioVersion = 17.10.35122.118
MinimumVisualStudioVersion = 10.0.40219.1
Project("{9A19103F-16F7-4668-BE54-9A1E7A4F7556}") = "ch02", "ch02.csproj", "{493A6B7A-DCC9-4BA9-A5AB-4371B2937061}"
EndProject
Global
	GlobalSection(SolutionConfigurationPlatforms) = preSolution
		Debug|Any CPU = Debug|Any CPU
		Release|Any CPU = Release|Any CPU
	EndGlobalSection
	GlobalSection(ProjectConfigurationPlatforms) = postSolution
		{493A6B7A-DCC9-4BA9-A5AB-4371B2937061}.Debug|Any CPU.ActiveCfg = Debug|Any CPU
		{493A6B7A-DCC9-4BA9-A5AB-4371B2937061}.Debug|Any CPU.Build.0 = Debug|Any CPU
		{493A6B7A-DCC9-4BA9-A5AB-4371B2937061}.Release|Any CPU.ActiveCfg = Release|Any CPU
		{493A6B7A-DCC9-4BA9-A5AB-4371B2937061}.Release|Any CPU.Build.0 = Release|Any CPU
	EndGlobalSection
	GlobalSection(SolutionProperties) = preSolution
		HideSolutionNode = FALSE
	EndGlobalSection
	GlobalSection(ExtensibilityGlobals) = postSolution
		SolutionGuid = {CCF770B2-CD3B-4A69-8F21-FB70A61BCA6B}
	EndGlobalSection
EndGlobal
